
Microsoft Visual Studio Solution File, Format Version 12.00
# Visual Studio Version 17
VisualStudioVersion = 17.13.35931.197 d17.13
MinimumVisualStudioVersion = 10.0.40219.1
Project("{FAE04EC0-301F-11D3-BF4B-00C04F79EFBC}") = "ProductDetails", "ProductDetails.csproj", "{BF3DD7F0-A617-43F3-A395-655C857DE019}"
EndProject
Global
	GlobalSection(SolutionConfigurationPlatforms) = preSolution
		Debug|Any CPU = Debug|Any CPU
		Release|Any CPU = Release|Any CPU
	EndGlobalSection
	GlobalSection(ProjectConfigurationPlatforms) = postSolution
		{BF3DD7F0-A617-43F3-A395-655C857DE019}.Debug|Any CPU.ActiveCfg = Debug|Any CPU
		{BF3DD7F0-A617-43F3-A395-655C857DE019}.Debug|Any CPU.Build.0 = Debug|Any CPU
		{BF3DD7F0-A617-43F3-A395-655C857DE019}.Release|Any CPU.ActiveCfg = Release|Any CPU
		{BF3DD7F0-A617-43F3-A395-655C857DE019}.Release|Any CPU.Build.0 = Release|Any CPU
	EndGlobalSection
	GlobalSection(SolutionProperties) = preSolution
		HideSolutionNode = FALSE
	EndGlobalSection
	GlobalSection(ExtensibilityGlobals) = postSolution
		SolutionGuid = {A0566F61-208A-46C7-9944-43F19665B1FC}
	EndGlobalSection
EndGlobal
